<?xml version="1.0" encoding="utf-8"?>
<Project ToolsVersion="4.0" xmlns="http://schemas.microsoft.com/developer/msbuild/2003">
  <ItemGroup>
    <Filter Include="Исходные файлы">
      <UniqueIdentifier>{4FC737F1-C7A5-4376-A066-2A32D752A2FF}</UniqueIdentifier>
      <Extensions>cpp;c;cc;cxx;c++;cppm;ixx;def;odl;idl;hpj;bat;asm;asmx</Extensions>
    </Filter>
    <Filter Include="Файлы заголовков">
      <UniqueIdentifier>{93995380-89BD-4b04-88EB-625FBE52EBFB}</UniqueIdentifier>
      <Extensions>h;hh;hpp;hxx;h++;hm;inl;inc;ipp;xsd</Extensions>
    </Filter>
    <Filter Include="Файлы ресурсов">
      <UniqueIdentifier>{67DA6AB6-F800-4c08-8B7A-83BB121AAD01}</UniqueIdentifier>
      <Extensions>rc;ico;cur;bmp;dlg;rc2;rct;bin;rgs;gif;jpg;jpeg;jpe;resx;tiff;tif;png;wav;mfcribbon-ms</Extensions>
    </Filter>
    <Filter Include="Файлы заголовков\Shape">
      <UniqueIdentifier>{b7571a2f-cd1c-4956-b997-0fff2e239c1f}</UniqueIdentifier>
    </Filter>
    <Filter Include="Файлы заголовков\Canvas">
      <UniqueIdentifier>{e34d3086-768a-40c1-9c71-ad72a896f96f}</UniqueIdentifier>
    </Filter>
    <Filter Include="Исходные файлы\Shape">
      <UniqueIdentifier>{e1d2c85c-f591-44d7-bc31-b3286a52b629}</UniqueIdentifier>
    </Filter>
    <Filter Include="Исходные файлы\Tests">
      <UniqueIdentifier>{3dabe909-eb18-42e7-bcd8-0486ac12152a}</UniqueIdentifier>
    </Filter>
    <Filter Include="Файлы заголовков\ShapeFactory">
      <UniqueIdentifier>{aba11d9d-4b33-4b87-b146-cc72457b3b80}</UniqueIdentifier>
    </Filter>
  </ItemGroup>
  <ItemGroup>
    <ClCompile Include="main.cpp">
      <Filter>Исходные файлы</Filter>
    </ClCompile>
    <ClCompile Include="..\Shape\CShapeFactory.cpp">
      <Filter>Исходные файлы</Filter>
    </ClCompile>
    <ClCompile Include="..\Shape\CEllipse.cpp">
      <Filter>Исходные файлы\Shape</Filter>
    </ClCompile>
    <ClCompile Include="..\Shape\CRectangle.cpp">
      <Filter>Исходные файлы\Shape</Filter>
    </ClCompile>
    <ClCompile Include="..\Shape\CRegularPolygon.cpp">
      <Filter>Исходные файлы\Shape</Filter>
    </ClCompile>
    <ClCompile Include="..\Shape\CShape.cpp">
      <Filter>Исходные файлы\Shape</Filter>
    </ClCompile>
    <ClCompile Include="..\Shape\CTriangle.cpp">
      <Filter>Исходные файлы\Shape</Filter>
    </ClCompile>
    <ClCompile Include="CanvasTest.cpp">
      <Filter>Исходные файлы\Tests</Filter>
    </ClCompile>
    <ClCompile Include="ShapeTests.cpp">
      <Filter>Исходные файлы\Tests</Filter>
    </ClCompile>
    <ClCompile Include="PictureDraftTest.cpp">
      <Filter>Исходные файлы\Tests</Filter>
    </ClCompile>
    <ClCompile Include="..\Shape\CPictureDraft.cpp">
      <Filter>Исходные файлы</Filter>
    </ClCompile>
    <ClCompile Include="DesignerTest.cpp">
      <Filter>Исходные файлы\Tests</Filter>
    </ClCompile>
    <ClCompile Include="..\Shape\CDesigner.cpp">
      <Filter>Исходные файлы</Filter>
    </ClCompile>
    <ClCompile Include="ShapeFactoryTest.cpp">
      <Filter>Исходные файлы\Tests</Filter>
    </ClCompile>
    <ClCompile Include="..\Shape\CPainter.cpp">
      <Filter>Исходные файлы</Filter>
    </ClCompile>
    <ClCompile Include="PainterTest.cpp">
      <Filter>Исходные файлы\Tests</Filter>
    </ClCompile>
  </ItemGroup>
  <ItemGroup>
    <ClInclude Include="..\Shape\Point.h">
      <Filter>Файлы заголовков</Filter>
    </ClInclude>
    <ClInclude Include="..\Shape\Color.h">
      <Filter>Файлы заголовков</Filter>
    </ClInclude>
    <ClInclude Include="..\Shape\CEllipse.h">
      <Filter>Файлы заголовков\Shape</Filter>
    </ClInclude>
    <ClInclude Include="..\Shape\CRectangle.h">
      <Filter>Файлы заголовков\Shape</Filter>
    </ClInclude>
    <ClInclude Include="..\Shape\CRegularPolygon.h">
      <Filter>Файлы заголовков\Shape</Filter>
    </ClInclude>
    <ClInclude Include="..\Shape\CTriangle.h">
      <Filter>Файлы заголовков\Shape</Filter>
    </ClInclude>
    <ClInclude Include="..\Shape\CShape.h">
      <Filter>Файлы заголовков\Shape</Filter>
    </ClInclude>
    <ClInclude Include="..\Shape\ICanvas.h">
      <Filter>Файлы заголовков\Canvas</Filter>
    </ClInclude>
    <ClInclude Include="MockCanvas.h">
      <Filter>Файлы заголовков\Canvas</Filter>
    </ClInclude>
    <ClInclude Include="..\Shape\CShapeFactory.h">
      <Filter>Файлы заголовков\ShapeFactory</Filter>
    </ClInclude>
    <ClInclude Include="..\Shape\IShapeFactory.h">
      <Filter>Файлы заголовков\ShapeFactory</Filter>
    </ClInclude>
    <ClInclude Include="..\Shape\CPictureDraft.h">
      <Filter>Файлы заголовков</Filter>
    </ClInclude>
    <ClInclude Include="..\Shape\CDesigner.h">
      <Filter>Файлы заголовков</Filter>
    </ClInclude>
    <ClInclude Include="..\Shape\CPainter.h">
      <Filter>Файлы заголовков</Filter>
    </ClInclude>
  </ItemGroup>
</Project>