
Microsoft Visual Studio Solution File, Format Version 12.00
# Visual Studio Version 16
VisualStudioVersion = 16.0.30503.244
MinimumVisualStudioVersion = 10.0.40219.1
Project("{8BC9CEB8-8B4A-11D0-8D11-00A0C91BC942}") = "WeatherStationPro", "WeatherStationPro\WeatherStationPro.vcxproj", "{0E84B606-5B42-4785-87EE-BC98BE02B352}"
EndProject
Global
	GlobalSection(SolutionConfigurationPlatforms) = preSolution
		Debug|x64 = Debug|x64
		Debug|x86 = Debug|x86
		Release|x64 = Release|x64
		Release|x86 = Release|x86
	EndGlobalSection
	GlobalSection(ProjectConfigurationPlatforms) = postSolution
		{0E84B606-5B42-4785-87EE-BC98BE02B352}.Debug|x64.ActiveCfg = Debug|x64
		{0E84B606-5B42-4785-87EE-BC98BE02B352}.Debug|x64.Build.0 = Debug|x64
		{0E84B606-5B42-4785-87EE-BC98BE02B352}.Debug|x86.ActiveCfg = Debug|Win32
		{0E84B606-5B42-4785-87EE-BC98BE02B352}.Debug|x86.Build.0 = Debug|Win32
		{0E84B606-5B42-4785-87EE-BC98BE02B352}.Release|x64.ActiveCfg = Release|x64
		{0E84B606-5B42-4785-87EE-BC98BE02B352}.Release|x64.Build.0 = Release|x64
		{0E84B606-5B42-4785-87EE-BC98BE02B352}.Release|x86.ActiveCfg = Release|Win32
		{0E84B606-5B42-4785-87EE-BC98BE02B352}.Release|x86.Build.0 = Release|Win32
	EndGlobalSection
	GlobalSection(SolutionProperties) = preSolution
		HideSolutionNode = FALSE
	EndGlobalSection
	GlobalSection(ExtensibilityGlobals) = postSolution
		SolutionGuid = {083E5E78-0656-4B6A-B9BD-600B201938C1}
	EndGlobalSection
EndGlobal
