
Microsoft Visual Studio Solution File, Format Version 12.00
# Visual Studio Version 16
VisualStudioVersion = 16.0.30503.244
MinimumVisualStudioVersion = 10.0.40219.1
Project("{8BC9CEB8-8B4A-11D0-8D11-00A0C91BC942}") = "stream", "stream\stream.vcxproj", "{58F42799-4ECB-41FB-A81B-468732803BE7}"
EndProject
Project("{8BC9CEB8-8B4A-11D0-8D11-00A0C91BC942}") = "streamTest", "streamTest\streamTest.vcxproj", "{44AE16B8-AA0D-4E84-9407-50F8BA4247AE}"
EndProject
Global
	GlobalSection(SolutionConfigurationPlatforms) = preSolution
		Debug|x64 = Debug|x64
		Debug|x86 = Debug|x86
		Release|x64 = Release|x64
		Release|x86 = Release|x86
	EndGlobalSection
	GlobalSection(ProjectConfigurationPlatforms) = postSolution
		{58F42799-4ECB-41FB-A81B-468732803BE7}.Debug|x64.ActiveCfg = Debug|x64
		{58F42799-4ECB-41FB-A81B-468732803BE7}.Debug|x64.Build.0 = Debug|x64
		{58F42799-4ECB-41FB-A81B-468732803BE7}.Debug|x86.ActiveCfg = Debug|Win32
		{58F42799-4ECB-41FB-A81B-468732803BE7}.Debug|x86.Build.0 = Debug|Win32
		{58F42799-4ECB-41FB-A81B-468732803BE7}.Release|x64.ActiveCfg = Release|x64
		{58F42799-4ECB-41FB-A81B-468732803BE7}.Release|x64.Build.0 = Release|x64
		{58F42799-4ECB-41FB-A81B-468732803BE7}.Release|x86.ActiveCfg = Release|Win32
		{58F42799-4ECB-41FB-A81B-468732803BE7}.Release|x86.Build.0 = Release|Win32
		{44AE16B8-AA0D-4E84-9407-50F8BA4247AE}.Debug|x64.ActiveCfg = Debug|x64
		{44AE16B8-AA0D-4E84-9407-50F8BA4247AE}.Debug|x64.Build.0 = Debug|x64
		{44AE16B8-AA0D-4E84-9407-50F8BA4247AE}.Debug|x86.ActiveCfg = Debug|Win32
		{44AE16B8-AA0D-4E84-9407-50F8BA4247AE}.Debug|x86.Build.0 = Debug|Win32
		{44AE16B8-AA0D-4E84-9407-50F8BA4247AE}.Release|x64.ActiveCfg = Release|x64
		{44AE16B8-AA0D-4E84-9407-50F8BA4247AE}.Release|x64.Build.0 = Release|x64
		{44AE16B8-AA0D-4E84-9407-50F8BA4247AE}.Release|x86.ActiveCfg = Release|Win32
		{44AE16B8-AA0D-4E84-9407-50F8BA4247AE}.Release|x86.Build.0 = Release|Win32
	EndGlobalSection
	GlobalSection(SolutionProperties) = preSolution
		HideSolutionNode = FALSE
	EndGlobalSection
	GlobalSection(ExtensibilityGlobals) = postSolution
		SolutionGuid = {0BD8938C-BDD8-478A-BECB-7B096DA85F02}
	EndGlobalSection
EndGlobal
