<?xml version="1.0" encoding="utf-8"?>
<Project ToolsVersion="4.0" xmlns="http://schemas.microsoft.com/developer/msbuild/2003">
  <ItemGroup>
    <Filter Include="Исходные файлы">
      <UniqueIdentifier>{4FC737F1-C7A5-4376-A066-2A32D752A2FF}</UniqueIdentifier>
      <Extensions>cpp;c;cc;cxx;c++;cppm;ixx;def;odl;idl;hpj;bat;asm;asmx</Extensions>
    </Filter>
    <Filter Include="Файлы заголовков">
      <UniqueIdentifier>{93995380-89BD-4b04-88EB-625FBE52EBFB}</UniqueIdentifier>
      <Extensions>h;hh;hpp;hxx;h++;hm;inl;inc;ipp;xsd</Extensions>
    </Filter>
    <Filter Include="Файлы ресурсов">
      <UniqueIdentifier>{67DA6AB6-F800-4c08-8B7A-83BB121AAD01}</UniqueIdentifier>
      <Extensions>rc;ico;cur;bmp;dlg;rc2;rct;bin;rgs;gif;jpg;jpeg;jpe;resx;tiff;tif;png;wav;mfcribbon-ms</Extensions>
    </Filter>
    <Filter Include="Файлы заголовков\Shape">
      <UniqueIdentifier>{e730ead4-a081-40ae-bcee-7ec869c366a9}</UniqueIdentifier>
    </Filter>
    <Filter Include="Файлы заголовков\Canvas">
      <UniqueIdentifier>{cdb71806-5a84-4308-9812-08f200c63231}</UniqueIdentifier>
    </Filter>
    <Filter Include="Файлы заголовков\ShapeFactory">
      <UniqueIdentifier>{70de0e97-06cf-4c24-b03d-dc0de741093e}</UniqueIdentifier>
    </Filter>
    <Filter Include="Файлы заголовков\Designer">
      <UniqueIdentifier>{188aba2f-8688-416e-91d4-118439aad329}</UniqueIdentifier>
    </Filter>
    <Filter Include="Исходные файлы\Shape">
      <UniqueIdentifier>{b7e69443-a258-444e-b53d-879c1d29ff38}</UniqueIdentifier>
    </Filter>
  </ItemGroup>
  <ItemGroup>
    <ClInclude Include="Color.h">
      <Filter>Файлы заголовков</Filter>
    </ClInclude>
    <ClInclude Include="Point.h">
      <Filter>Файлы заголовков</Filter>
    </ClInclude>
    <ClInclude Include="CEllipse.h">
      <Filter>Файлы заголовков\Shape</Filter>
    </ClInclude>
    <ClInclude Include="CRectangle.h">
      <Filter>Файлы заголовков\Shape</Filter>
    </ClInclude>
    <ClInclude Include="CRegularPolygon.h">
      <Filter>Файлы заголовков\Shape</Filter>
    </ClInclude>
    <ClInclude Include="CTriangle.h">
      <Filter>Файлы заголовков\Shape</Filter>
    </ClInclude>
    <ClInclude Include="CShape.h">
      <Filter>Файлы заголовков\Shape</Filter>
    </ClInclude>
    <ClInclude Include="CCanvas.h">
      <Filter>Файлы заголовков\Canvas</Filter>
    </ClInclude>
    <ClInclude Include="ICanvas.h">
      <Filter>Файлы заголовков\Canvas</Filter>
    </ClInclude>
    <ClInclude Include="IShapeFactory.h">
      <Filter>Файлы заголовков\ShapeFactory</Filter>
    </ClInclude>
    <ClInclude Include="CShapeFactory.h">
      <Filter>Файлы заголовков\ShapeFactory</Filter>
    </ClInclude>
    <ClInclude Include="CDesigner.h">
      <Filter>Файлы заголовков\Designer</Filter>
    </ClInclude>
    <ClInclude Include="IDesigner.h">
      <Filter>Файлы заголовков\Designer</Filter>
    </ClInclude>
    <ClInclude Include="CPictureDraft.h">
      <Filter>Файлы заголовков</Filter>
    </ClInclude>
    <ClInclude Include="CPainter.h">
      <Filter>Файлы заголовков</Filter>
    </ClInclude>
  </ItemGroup>
  <ItemGroup>
    <ClCompile Include="main.cpp">
      <Filter>Исходные файлы</Filter>
    </ClCompile>
    <ClCompile Include="CCanvas.cpp">
      <Filter>Исходные файлы</Filter>
    </ClCompile>
    <ClCompile Include="CShapeFactory.cpp">
      <Filter>Исходные файлы</Filter>
    </ClCompile>
    <ClCompile Include="CDesigner.cpp">
      <Filter>Исходные файлы</Filter>
    </ClCompile>
    <ClCompile Include="CPictureDraft.cpp">
      <Filter>Исходные файлы</Filter>
    </ClCompile>
    <ClCompile Include="CShape.cpp">
      <Filter>Исходные файлы\Shape</Filter>
    </ClCompile>
    <ClCompile Include="CEllipse.cpp">
      <Filter>Исходные файлы\Shape</Filter>
    </ClCompile>
    <ClCompile Include="CRectangle.cpp">
      <Filter>Исходные файлы\Shape</Filter>
    </ClCompile>
    <ClCompile Include="CRegularPolygon.cpp">
      <Filter>Исходные файлы\Shape</Filter>
    </ClCompile>
    <ClCompile Include="CTriangle.cpp">
      <Filter>Исходные файлы\Shape</Filter>
    </ClCompile>
    <ClCompile Include="CPainter.cpp">
      <Filter>Исходные файлы</Filter>
    </ClCompile>
  </ItemGroup>
</Project>